
Microsoft Visual Studio Solution File, Format Version 12.00
# Visual Studio Version 17
VisualStudioVersion = 17.5.33424.131
MinimumVisualStudioVersion = 10.0.40219.1
Project("{FAE04EC0-301F-11D3-BF4B-00C04F79EFBC}") = "UP_PM_MDK_4ekmaroyv", "UP_PM_MDK_4ekmaroyv\UP_PM_MDK_4ekmaroyv.csproj", "{E7731794-3B89-47FC-AD2E-CA5A92F1DC83}"
EndProject
Global
	GlobalSection(SolutionConfigurationPlatforms) = preSolution
		Debug|Any CPU = Debug|Any CPU
		Release|Any CPU = Release|Any CPU
	EndGlobalSection
	GlobalSection(ProjectConfigurationPlatforms) = postSolution
		{E7731794-3B89-47FC-AD2E-CA5A92F1DC83}.Debug|Any CPU.ActiveCfg = Debug|Any CPU
		{E7731794-3B89-47FC-AD2E-CA5A92F1DC83}.Debug|Any CPU.Build.0 = Debug|Any CPU
		{E7731794-3B89-47FC-AD2E-CA5A92F1DC83}.Release|Any CPU.ActiveCfg = Release|Any CPU
		{E7731794-3B89-47FC-AD2E-CA5A92F1DC83}.Release|Any CPU.Build.0 = Release|Any CPU
	EndGlobalSection
	GlobalSection(SolutionProperties) = preSolution
		HideSolutionNode = FALSE
	EndGlobalSection
	GlobalSection(ExtensibilityGlobals) = postSolution
		SolutionGuid = {500F591C-52B5-4581-90B2-CE81C84A50ED}
	EndGlobalSection
EndGlobal
